
Microsoft Visual Studio Solution File, Format Version 12.00
# Visual Studio Version 17
VisualStudioVersion = 17.5.001.0
MinimumVisualStudioVersion = 10.0.40219.1
<<<<<<< Updated upstream
Project("{9A19103F-16F7-4668-BE54-9A1E7A4F7556}") = "lilp", "lilp.csproj", "{04BC305F-FF59-40F0-A42E-47893DC833EF}"
=======
Project("{9A19103F-16F7-4668-BE54-9A1E7A4F7556}") = "lilp", "lilp.csproj", "{6730A42E-B182-483C-A76C-1B090DA4638B}"
>>>>>>> Stashed changes
EndProject
Global
	GlobalSection(SolutionConfigurationPlatforms) = preSolution
		Debug|Any CPU = Debug|Any CPU
		Release|Any CPU = Release|Any CPU
	EndGlobalSection
	GlobalSection(ProjectConfigurationPlatforms) = postSolution
<<<<<<< Updated upstream
		{04BC305F-FF59-40F0-A42E-47893DC833EF}.Debug|Any CPU.ActiveCfg = Debug|Any CPU
		{04BC305F-FF59-40F0-A42E-47893DC833EF}.Debug|Any CPU.Build.0 = Debug|Any CPU
		{04BC305F-FF59-40F0-A42E-47893DC833EF}.Release|Any CPU.ActiveCfg = Release|Any CPU
		{04BC305F-FF59-40F0-A42E-47893DC833EF}.Release|Any CPU.Build.0 = Release|Any CPU
=======
		{6730A42E-B182-483C-A76C-1B090DA4638B}.Debug|Any CPU.ActiveCfg = Debug|Any CPU
		{6730A42E-B182-483C-A76C-1B090DA4638B}.Debug|Any CPU.Build.0 = Debug|Any CPU
		{6730A42E-B182-483C-A76C-1B090DA4638B}.Release|Any CPU.ActiveCfg = Release|Any CPU
		{6730A42E-B182-483C-A76C-1B090DA4638B}.Release|Any CPU.Build.0 = Release|Any CPU
>>>>>>> Stashed changes
	EndGlobalSection
	GlobalSection(SolutionProperties) = preSolution
		HideSolutionNode = FALSE
	EndGlobalSection
	GlobalSection(ExtensibilityGlobals) = postSolution
<<<<<<< Updated upstream
		SolutionGuid = {9B3BF031-51CD-45D0-9D76-FC76DA09B6B3}
=======
		SolutionGuid = {45A8D76F-36F6-4929-B4C6-C47AA4E5886E}
>>>>>>> Stashed changes
	EndGlobalSection
EndGlobal
